// !$*UTF8*$!
{
	archiveVersion = 1;
	classes = {
	};
	objectVersion = 56;
	objects = {

/* Begin PBXBuildFile section */
		8ECCFAB02BB0591D00C39125 /* Toast_playgroundApp.swift in Sources */ = {isa = PBXBuildFile; fileRef = 8ECCFAAF2BB0591D00C39125 /* Toast_playgroundApp.swift */; };
		8ECCFAB22BB0591D00C39125 /* ContentView.swift in Sources */ = {isa = PBXBuildFile; fileRef = 8ECCFAB12BB0591D00C39125 /* ContentView.swift */; };
		8ECCFAB42BB0592000C39125 /* Assets.xcassets in Resources */ = {isa = PBXBuildFile; fileRef = 8ECCFAB32BB0592000C39125 /* Assets.xcassets */; };
		8ECCFAB72BB0592000C39125 /* Preview Assets.xcassets in Resources */ = {isa = PBXBuildFile; fileRef = 8ECCFAB62BB0592000C39125 /* Preview Assets.xcassets */; };
		8ECCFAC12BB0592000C39125 /* Toast_playgroundTests.swift in Sources */ = {isa = PBXBuildFile; fileRef = 8ECCFAC02BB0592000C39125 /* Toast_playgroundTests.swift */; };
		8ECCFACB2BB0592000C39125 /* Toast_playgroundUITests.swift in Sources */ = {isa = PBXBuildFile; fileRef = 8ECCFACA2BB0592000C39125 /* Toast_playgroundUITests.swift */; };
		8ECCFACD2BB0592000C39125 /* Toast_playgroundUITestsLaunchTests.swift in Sources */ = {isa = PBXBuildFile; fileRef = 8ECCFACC2BB0592000C39125 /* Toast_playgroundUITestsLaunchTests.swift */; };
/* End PBXBuildFile section */

/* Begin PBXContainerItemProxy section */
		8ECCFABD2BB0592000C39125 /* PBXContainerItemProxy */ = {
			isa = PBXContainerItemProxy;
			containerPortal = 8ECCFAA42BB0591C00C39125 /* Project object */;
			proxyType = 1;
			remoteGlobalIDString = 8ECCFAAB2BB0591D00C39125;
			remoteInfo = Toast_playground;
		};
		8ECCFAC72BB0592000C39125 /* PBXContainerItemProxy */ = {
			isa = PBXContainerItemProxy;
			containerPortal = 8ECCFAA42BB0591C00C39125 /* Project object */;
			proxyType = 1;
			remoteGlobalIDString = 8ECCFAAB2BB0591D00C39125;
			remoteInfo = Toast_playground;
		};
/* End PBXContainerItemProxy section */

/* Begin PBXFileReference section */
		8ECCFAAC2BB0591D00C39125 /* Toast_playground.app */ = {isa = PBXFileReference; explicitFileType = wrapper.application; includeInIndex = 0; path = Toast_playground.app; sourceTree = BUILT_PRODUCTS_DIR; };
		8ECCFAAF2BB0591D00C39125 /* Toast_playgroundApp.swift */ = {isa = PBXFileReference; lastKnownFileType = sourcecode.swift; path = Toast_playgroundApp.swift; sourceTree = "<group>"; };
		8ECCFAB12BB0591D00C39125 /* ContentView.swift */ = {isa = PBXFileReference; lastKnownFileType = sourcecode.swift; path = ContentView.swift; sourceTree = "<group>"; };
		8ECCFAB32BB0592000C39125 /* Assets.xcassets */ = {isa = PBXFileReference; lastKnownFileType = folder.assetcatalog; path = Assets.xcassets; sourceTree = "<group>"; };
		8ECCFAB62BB0592000C39125 /* Preview Assets.xcassets */ = {isa = PBXFileReference; lastKnownFileType = folder.assetcatalog; path = "Preview Assets.xcassets"; sourceTree = "<group>"; };
		8ECCFABC2BB0592000C39125 /* Toast_playgroundTests.xctest */ = {isa = PBXFileReference; explicitFileType = wrapper.cfbundle; includeInIndex = 0; path = Toast_playgroundTests.xctest; sourceTree = BUILT_PRODUCTS_DIR; };
		8ECCFAC02BB0592000C39125 /* Toast_playgroundTests.swift */ = {isa = PBXFileReference; lastKnownFileType = sourcecode.swift; path = Toast_playgroundTests.swift; sourceTree = "<group>"; };
		8ECCFAC62BB0592000C39125 /* Toast_playgroundUITests.xctest */ = {isa = PBXFileReference; explicitFileType = wrapper.cfbundle; includeInIndex = 0; path = Toast_playgroundUITests.xctest; sourceTree = BUILT_PRODUCTS_DIR; };
		8ECCFACA2BB0592000C39125 /* Toast_playgroundUITests.swift */ = {isa = PBXFileReference; lastKnownFileType = sourcecode.swift; path = Toast_playgroundUITests.swift; sourceTree = "<group>"; };
		8ECCFACC2BB0592000C39125 /* Toast_playgroundUITestsLaunchTests.swift */ = {isa = PBXFileReference; lastKnownFileType = sourcecode.swift; path = Toast_playgroundUITestsLaunchTests.swift; sourceTree = "<group>"; };
/* End PBXFileReference section */

/* Begin PBXFrameworksBuildPhase section */
		8ECCFAA92BB0591D00C39125 /* Frameworks */ = {
			isa = PBXFrameworksBuildPhase;
			buildActionMask = 2147483647;
			files = (
			);
			runOnlyForDeploymentPostprocessing = 0;
		};
		8ECCFAB92BB0592000C39125 /* Frameworks */ = {
			isa = PBXFrameworksBuildPhase;
			buildActionMask = 2147483647;
			files = (
			);
			runOnlyForDeploymentPostprocessing = 0;
		};
		8ECCFAC32BB0592000C39125 /* Frameworks */ = {
			isa = PBXFrameworksBuildPhase;
			buildActionMask = 2147483647;
			files = (
			);
			runOnlyForDeploymentPostprocessing = 0;
		};
/* End PBXFrameworksBuildPhase section */

/* Begin PBXGroup section */
		8ECCFAA32BB0591C00C39125 = {
			isa = PBXGroup;
			children = (
				8ECCFAAE2BB0591D00C39125 /* Toast_playground */,
				8ECCFABF2BB0592000C39125 /* Toast_playgroundTests */,
				8ECCFAC92BB0592000C39125 /* Toast_playgroundUITests */,
				8ECCFAAD2BB0591D00C39125 /* Products */,
			);
			sourceTree = "<group>";
		};
		8ECCFAAD2BB0591D00C39125 /* Products */ = {
			isa = PBXGroup;
			children = (
				8ECCFAAC2BB0591D00C39125 /* Toast_playground.app */,
				8ECCFABC2BB0592000C39125 /* Toast_playgroundTests.xctest */,
				8ECCFAC62BB0592000C39125 /* Toast_playgroundUITests.xctest */,
			);
			name = Products;
			sourceTree = "<group>";
		};
		8ECCFAAE2BB0591D00C39125 /* Toast_playground */ = {
			isa = PBXGroup;
			children = (
				8ECCFAAF2BB0591D00C39125 /* Toast_playgroundApp.swift */,
				8ECCFAB12BB0591D00C39125 /* ContentView.swift */,
				8ECCFAB32BB0592000C39125 /* Assets.xcassets */,
				8ECCFAB52BB0592000C39125 /* Preview Content */,
			);
			path = Toast_playground;
			sourceTree = "<group>";
		};
		8ECCFAB52BB0592000C39125 /* Preview Content */ = {
			isa = PBXGroup;
			children = (
				8ECCFAB62BB0592000C39125 /* Preview Assets.xcassets */,
			);
			path = "Preview Content";
			sourceTree = "<group>";
		};
		8ECCFABF2BB0592000C39125 /* Toast_playgroundTests */ = {
			isa = PBXGroup;
			children = (
				8ECCFAC02BB0592000C39125 /* Toast_playgroundTests.swift */,
			);
			path = Toast_playgroundTests;
			sourceTree = "<group>";
		};
		8ECCFAC92BB0592000C39125 /* Toast_playgroundUITests */ = {
			isa = PBXGroup;
			children = (
				8ECCFACA2BB0592000C39125 /* Toast_playgroundUITests.swift */,
				8ECCFACC2BB0592000C39125 /* Toast_playgroundUITestsLaunchTests.swift */,
			);
			path = Toast_playgroundUITests;
			sourceTree = "<group>";
		};
/* End PBXGroup section */

/* Begin PBXNativeTarget section */
		8ECCFAAB2BB0591D00C39125 /* Toast_playground */ = {
			isa = PBXNativeTarget;
			buildConfigurationList = 8ECCFAD02BB0592000C39125 /* Build configuration list for PBXNativeTarget "Toast_playground" */;
			buildPhases = (
				8ECCFAA82BB0591D00C39125 /* Sources */,
				8ECCFAA92BB0591D00C39125 /* Frameworks */,
				8ECCFAAA2BB0591D00C39125 /* Resources */,
			);
			buildRules = (
			);
			dependencies = (
			);
			name = Toast_playground;
			productName = Toast_playground;
			productReference = 8ECCFAAC2BB0591D00C39125 /* Toast_playground.app */;
			productType = "com.apple.product-type.application";
		};
		8ECCFABB2BB0592000C39125 /* Toast_playgroundTests */ = {
			isa = PBXNativeTarget;
			buildConfigurationList = 8ECCFAD32BB0592000C39125 /* Build configuration list for PBXNativeTarget "Toast_playgroundTests" */;
			buildPhases = (
				8ECCFAB82BB0592000C39125 /* Sources */,
				8ECCFAB92BB0592000C39125 /* Frameworks */,
				8ECCFABA2BB0592000C39125 /* Resources */,
			);
			buildRules = (
			);
			dependencies = (
				8ECCFABE2BB0592000C39125 /* PBXTargetDependency */,
			);
			name = Toast_playgroundTests;
			productName = Toast_playgroundTests;
			productReference = 8ECCFABC2BB0592000C39125 /* Toast_playgroundTests.xctest */;
			productType = "com.apple.product-type.bundle.unit-test";
		};
		8ECCFAC52BB0592000C39125 /* Toast_playgroundUITests */ = {
			isa = PBXNativeTarget;
			buildConfigurationList = 8ECCFAD62BB0592000C39125 /* Build configuration list for PBXNativeTarget "Toast_playgroundUITests" */;
			buildPhases = (
				8ECCFAC22BB0592000C39125 /* Sources */,
				8ECCFAC32BB0592000C39125 /* Frameworks */,
				8ECCFAC42BB0592000C39125 /* Resources */,
			);
			buildRules = (
			);
			dependencies = (
				8ECCFAC82BB0592000C39125 /* PBXTargetDependency */,
			);
			name = Toast_playgroundUITests;
			productName = Toast_playgroundUITests;
			productReference = 8ECCFAC62BB0592000C39125 /* Toast_playgroundUITests.xctest */;
			productType = "com.apple.product-type.bundle.ui-testing";
		};
/* End PBXNativeTarget section */

/* Begin PBXProject section */
		8ECCFAA42BB0591C00C39125 /* Project object */ = {
			isa = PBXProject;
			attributes = {
				BuildIndependentTargetsInParallel = 1;
				LastSwiftUpdateCheck = 1530;
				LastUpgradeCheck = 1530;
				TargetAttributes = {
					8ECCFAAB2BB0591D00C39125 = {
						CreatedOnToolsVersion = 15.3;
					};
					8ECCFABB2BB0592000C39125 = {
						CreatedOnToolsVersion = 15.3;
						TestTargetID = 8ECCFAAB2BB0591D00C39125;
					};
					8ECCFAC52BB0592000C39125 = {
						CreatedOnToolsVersion = 15.3;
						TestTargetID = 8ECCFAAB2BB0591D00C39125;
					};
				};
			};
			buildConfigurationList = 8ECCFAA72BB0591C00C39125 /* Build configuration list for PBXProject "Toast_playground" */;
			compatibilityVersion = "Xcode 14.0";
			developmentRegion = en;
			hasScannedForEncodings = 0;
			knownRegions = (
				en,
				Base,
			);
			mainGroup = 8ECCFAA32BB0591C00C39125;
			productRefGroup = 8ECCFAAD2BB0591D00C39125 /* Products */;
			projectDirPath = "";
			projectRoot = "";
			targets = (
				8ECCFAAB2BB0591D00C39125 /* Toast_playground */,
				8ECCFABB2BB0592000C39125 /* Toast_playgroundTests */,
				8ECCFAC52BB0592000C39125 /* Toast_playgroundUITests */,
			);
		};
/* End PBXProject section */

/* Begin PBXResourcesBuildPhase section */
		8ECCFAAA2BB0591D00C39125 /* Resources */ = {
			isa = PBXResourcesBuildPhase;
			buildActionMask = 2147483647;
			files = (
				8ECCFAB72BB0592000C39125 /* Preview Assets.xcassets in Resources */,
				8ECCFAB42BB0592000C39125 /* Assets.xcassets in Resources */,
			);
			runOnlyForDeploymentPostprocessing = 0;
		};
		8ECCFABA2BB0592000C39125 /* Resources */ = {
			isa = PBXResourcesBuildPhase;
			buildActionMask = 2147483647;
			files = (
			);
			runOnlyForDeploymentPostprocessing = 0;
		};
		8ECCFAC42BB0592000C39125 /* Resources */ = {
			isa = PBXResourcesBuildPhase;
			buildActionMask = 2147483647;
			files = (
			);
			runOnlyForDeploymentPostprocessing = 0;
		};
/* End PBXResourcesBuildPhase section */

/* Begin PBXSourcesBuildPhase section */
		8ECCFAA82BB0591D00C39125 /* Sources */ = {
			isa = PBXSourcesBuildPhase;
			buildActionMask = 2147483647;
			files = (
				8ECCFAB22BB0591D00C39125 /* ContentView.swift in Sources */,
				8ECCFAB02BB0591D00C39125 /* Toast_playgroundApp.swift in Sources */,
			);
			runOnlyForDeploymentPostprocessing = 0;
		};
		8ECCFAB82BB0592000C39125 /* Sources */ = {
			isa = PBXSourcesBuildPhase;
			buildActionMask = 2147483647;
			files = (
				8ECCFAC12BB0592000C39125 /* Toast_playgroundTests.swift in Sources */,
			);
			runOnlyForDeploymentPostprocessing = 0;
		};
		8ECCFAC22BB0592000C39125 /* Sources */ = {
			isa = PBXSourcesBuildPhase;
			buildActionMask = 2147483647;
			files = (
				8ECCFACB2BB0592000C39125 /* Toast_playgroundUITests.swift in Sources */,
				8ECCFACD2BB0592000C39125 /* Toast_playgroundUITestsLaunchTests.swift in Sources */,
			);
			runOnlyForDeploymentPostprocessing = 0;
		};
/* End PBXSourcesBuildPhase section */

/* Begin PBXTargetDependency section */
		8ECCFABE2BB0592000C39125 /* PBXTargetDependency */ = {
			isa = PBXTargetDependency;
			target = 8ECCFAAB2BB0591D00C39125 /* Toast_playground */;
			targetProxy = 8ECCFABD2BB0592000C39125 /* PBXContainerItemProxy */;
		};
		8ECCFAC82BB0592000C39125 /* PBXTargetDependency */ = {
			isa = PBXTargetDependency;
			target = 8ECCFAAB2BB0591D00C39125 /* Toast_playground */;
			targetProxy = 8ECCFAC72BB0592000C39125 /* PBXContainerItemProxy */;
		};
/* End PBXTargetDependency section */

/* Begin XCBuildConfiguration section */
		8ECCFACE2BB0592000C39125 /* Debug */ = {
			isa = XCBuildConfiguration;
			buildSettings = {
				ALWAYS_SEARCH_USER_PATHS = NO;
				ASSETCATALOG_COMPILER_GENERATE_SWIFT_ASSET_SYMBOL_EXTENSIONS = YES;
				CLANG_ANALYZER_NONNULL = YES;
				CLANG_ANALYZER_NUMBER_OBJECT_CONVERSION = YES_AGGRESSIVE;
				CLANG_CXX_LANGUAGE_STANDARD = "gnu++20";
				CLANG_ENABLE_MODULES = YES;
				CLANG_ENABLE_OBJC_ARC = YES;
				CLANG_ENABLE_OBJC_WEAK = YES;
				CLANG_WARN_BLOCK_CAPTURE_AUTORELEASING = YES;
				CLANG_WARN_BOOL_CONVERSION = YES;
				CLANG_WARN_COMMA = YES;
				CLANG_WARN_CONSTANT_CONVERSION = YES;
				CLANG_WARN_DEPRECATED_OBJC_IMPLEMENTATIONS = YES;
				CLANG_WARN_DIRECT_OBJC_ISA_USAGE = YES_ERROR;
				CLANG_WARN_DOCUMENTATION_COMMENTS = YES;
				CLANG_WARN_EMPTY_BODY = YES;
				CLANG_WARN_ENUM_CONVERSION = YES;
				CLANG_WARN_INFINITE_RECURSION = YES;
				CLANG_WARN_INT_CONVERSION = YES;
				CLANG_WARN_NON_LITERAL_NULL_CONVERSION = YES;
				CLANG_WARN_OBJC_IMPLICIT_RETAIN_SELF = YES;
				CLANG_WARN_OBJC_LITERAL_CONVERSION = YES;
				CLANG_WARN_OBJC_ROOT_CLASS = YES_ERROR;
				CLANG_WARN_QUOTED_INCLUDE_IN_FRAMEWORK_HEADER = YES;
				CLANG_WARN_RANGE_LOOP_ANALYSIS = YES;
				CLANG_WARN_STRICT_PROTOTYPES = YES;
				CLANG_WARN_SUSPICIOUS_MOVE = YES;
				CLANG_WARN_UNGUARDED_AVAILABILITY = YES_AGGRESSIVE;
				CLANG_WARN_UNREACHABLE_CODE = YES;
				CLANG_WARN__DUPLICATE_METHOD_MATCH = YES;
				COPY_PHASE_STRIP = NO;
				DEBUG_INFORMATION_FORMAT = dwarf;
				ENABLE_STRICT_OBJC_MSGSEND = YES;
				ENABLE_TESTABILITY = YES;
				ENABLE_USER_SCRIPT_SANDBOXING = YES;
				GCC_C_LANGUAGE_STANDARD = gnu17;
				GCC_DYNAMIC_NO_PIC = NO;
				GCC_NO_COMMON_BLOCKS = YES;
				GCC_OPTIMIZATION_LEVEL = 0;
				GCC_PREPROCESSOR_DEFINITIONS = (
					"DEBUG=1",
					"$(inherited)",
				);
				GCC_WARN_64_TO_32_BIT_CONVERSION = YES;
				GCC_WARN_ABOUT_RETURN_TYPE = YES_ERROR;
				GCC_WARN_UNDECLARED_SELECTOR = YES;
				GCC_WARN_UNINITIALIZED_AUTOS = YES_AGGRESSIVE;
				GCC_WARN_UNUSED_FUNCTION = YES;
				GCC_WARN_UNUSED_VARIABLE = YES;
				IPHONEOS_DEPLOYMENT_TARGET = 17.4;
				LOCALIZATION_PREFERS_STRING_CATALOGS = YES;
				MTL_ENABLE_DEBUG_INFO = INCLUDE_SOURCE;
				MTL_FAST_MATH = YES;
				ONLY_ACTIVE_ARCH = YES;
				SDKROOT = iphoneos;
				SWIFT_ACTIVE_COMPILATION_CONDITIONS = "DEBUG $(inherited)";
				SWIFT_OPTIMIZATION_LEVEL = "-Onone";
			};
			name = Debug;
		};
		8ECCFACF2BB0592000C39125 /* Release */ = {
			isa = XCBuildConfiguration;
			buildSettings = {
				ALWAYS_SEARCH_USER_PATHS = NO;
				ASSETCATALOG_COMPILER_GENERATE_SWIFT_ASSET_SYMBOL_EXTENSIONS = YES;
				CLANG_ANALYZER_NONNULL = YES;
				CLANG_ANALYZER_NUMBER_OBJECT_CONVERSION = YES_AGGRESSIVE;
				CLANG_CXX_LANGUAGE_STANDARD = "gnu++20";
				CLANG_ENABLE_MODULES = YES;
				CLANG_ENABLE_OBJC_ARC = YES;
				CLANG_ENABLE_OBJC_WEAK = YES;
				CLANG_WARN_BLOCK_CAPTURE_AUTORELEASING = YES;
				CLANG_WARN_BOOL_CONVERSION = YES;
				CLANG_WARN_COMMA = YES;
				CLANG_WARN_CONSTANT_CONVERSION = YES;
				CLANG_WARN_DEPRECATED_OBJC_IMPLEMENTATIONS = YES;
				CLANG_WARN_DIRECT_OBJC_ISA_USAGE = YES_ERROR;
				CLANG_WARN_DOCUMENTATION_COMMENTS = YES;
				CLANG_WARN_EMPTY_BODY = YES;
				CLANG_WARN_ENUM_CONVERSION = YES;
				CLANG_WARN_INFINITE_RECURSION = YES;
				CLANG_WARN_INT_CONVERSION = YES;
				CLANG_WARN_NON_LITERAL_NULL_CONVERSION = YES;
				CLANG_WARN_OBJC_IMPLICIT_RETAIN_SELF = YES;
				CLANG_WARN_OBJC_LITERAL_CONVERSION = YES;
				CLANG_WARN_OBJC_ROOT_CLASS = YES_ERROR;
				CLANG_WARN_QUOTED_INCLUDE_IN_FRAMEWORK_HEADER = YES;
				CLANG_WARN_RANGE_LOOP_ANALYSIS = YES;
				CLANG_WARN_STRICT_PROTOTYPES = YES;
				CLANG_WARN_SUSPICIOUS_MOVE = YES;
				CLANG_WARN_UNGUARDED_AVAILABILITY = YES_AGGRESSIVE;
				CLANG_WARN_UNREACHABLE_CODE = YES;
				CLANG_WARN__DUPLICATE_METHOD_MATCH = YES;
				COPY_PHASE_STRIP = NO;
				DEBUG_INFORMATION_FORMAT = "dwarf-with-dsym";
				ENABLE_NS_ASSERTIONS = NO;
				ENABLE_STRICT_OBJC_MSGSEND = YES;
				ENABLE_USER_SCRIPT_SANDBOXING = YES;
				GCC_C_LANGUAGE_STANDARD = gnu17;
				GCC_NO_COMMON_BLOCKS = YES;
				GCC_WARN_64_TO_32_BIT_CONVERSION = YES;
				GCC_WARN_ABOUT_RETURN_TYPE = YES_ERROR;
				GCC_WARN_UNDECLARED_SELECTOR = YES;
				GCC_WARN_UNINITIALIZED_AUTOS = YES_AGGRESSIVE;
				GCC_WARN_UNUSED_FUNCTION = YES;
				GCC_WARN_UNUSED_VARIABLE = YES;
				IPHONEOS_DEPLOYMENT_TARGET = 17.4;
				LOCALIZATION_PREFERS_STRING_CATALOGS = YES;
				MTL_ENABLE_DEBUG_INFO = NO;
				MTL_FAST_MATH = YES;
				SDKROOT = iphoneos;
				SWIFT_COMPILATION_MODE = wholemodule;
				VALIDATE_PRODUCT = YES;
			};
			name = Release;
		};
		8ECCFAD12BB0592000C39125 /* Debug */ = {
			isa = XCBuildConfiguration;
			buildSettings = {
				ASSETCATALOG_COMPILER_APPICON_NAME = AppIcon;
				ASSETCATALOG_COMPILER_GLOBAL_ACCENT_COLOR_NAME = AccentColor;
				CODE_SIGN_STYLE = Automatic;
				CURRENT_PROJECT_VERSION = 1;
				DEVELOPMENT_ASSET_PATHS = "\"Toast_playground/Preview Content\"";
				DEVELOPMENT_TEAM = 9GGZWXBXQ6;
				ENABLE_PREVIEWS = YES;
				GENERATE_INFOPLIST_FILE = YES;
				INFOPLIST_KEY_UIApplicationSceneManifest_Generation = YES;
				INFOPLIST_KEY_UIApplicationSupportsIndirectInputEvents = YES;
				INFOPLIST_KEY_UILaunchScreen_Generation = YES;
				INFOPLIST_KEY_UISupportedInterfaceOrientations_iPad = "UIInterfaceOrientationPortrait UIInterfaceOrientationPortraitUpsideDown UIInterfaceOrientationLandscapeLeft UIInterfaceOrientationLandscapeRight";
				INFOPLIST_KEY_UISupportedInterfaceOrientations_iPhone = "UIInterfaceOrientationPortrait UIInterfaceOrientationLandscapeLeft UIInterfaceOrientationLandscapeRight";
				LD_RUNPATH_SEARCH_PATHS = (
					"$(inherited)",
					"@executable_path/Frameworks",
				);
				MARKETING_VERSION = 1.0;
				PRODUCT_BUNDLE_IDENTIFIER = "YangCustom.Toast-playground";
				PRODUCT_NAME = "$(TARGET_NAME)";
				SWIFT_EMIT_LOC_STRINGS = YES;
				SWIFT_VERSION = 5.0;
				TARGETED_DEVICE_FAMILY = "1,2";
			};
			name = Debug;
		};
		8ECCFAD22BB0592000C39125 /* Release */ = {
			isa = XCBuildConfiguration;
			buildSettings = {
				ASSETCATALOG_COMPILER_APPICON_NAME = AppIcon;
				ASSETCATALOG_COMPILER_GLOBAL_ACCENT_COLOR_NAME = AccentColor;
				CODE_SIGN_STYLE = Automatic;
				CURRENT_PROJECT_VERSION = 1;
				DEVELOPMENT_ASSET_PATHS = "\"Toast_playground/Preview Content\"";
				DEVELOPMENT_TEAM = 9GGZWXBXQ6;
				ENABLE_PREVIEWS = YES;
				GENERATE_INFOPLIST_FILE = YES;
				INFOPLIST_KEY_UIApplicationSceneManifest_Generation = YES;
				INFOPLIST_KEY_UIApplicationSupportsIndirectInputEvents = YES;
				INFOPLIST_KEY_UILaunchScreen_Generation = YES;
				INFOPLIST_KEY_UISupportedInterfaceOrientations_iPad = "UIInterfaceOrientationPortrait UIInterfaceOrientationPortraitUpsideDown UIInterfaceOrientationLandscapeLeft UIInterfaceOrientationLandscapeRight";
				INFOPLIST_KEY_UISupportedInterfaceOrientations_iPhone = "UIInterfaceOrientationPortrait UIInterfaceOrientationLandscapeLeft UIInterfaceOrientationLandscapeRight";
				LD_RUNPATH_SEARCH_PATHS = (
					"$(inherited)",
					"@executable_path/Frameworks",
				);
				MARKETING_VERSION = 1.0;
				PRODUCT_BUNDLE_IDENTIFIER = "YangCustom.Toast-playground";
				PRODUCT_NAME = "$(TARGET_NAME)";
				SWIFT_EMIT_LOC_STRINGS = YES;
				SWIFT_VERSION = 5.0;
				TARGETED_DEVICE_FAMILY = "1,2";
			};
			name = Release;
		};
		8ECCFAD42BB0592000C39125 /* Debug */ = {
			isa = XCBuildConfiguration;
			buildSettings = {
				ALWAYS_EMBED_SWIFT_STANDARD_LIBRARIES = YES;
				BUNDLE_LOADER = "$(TEST_HOST)";
				CODE_SIGN_STYLE = Automatic;
				CURRENT_PROJECT_VERSION = 1;
				DEVELOPMENT_TEAM = 9GGZWXBXQ6;
				GENERATE_INFOPLIST_FILE = YES;
				IPHONEOS_DEPLOYMENT_TARGET = 17.4;
				MARKETING_VERSION = 1.0;
				PRODUCT_BUNDLE_IDENTIFIER = "YangCustom.Toast-playgroundTests";
				PRODUCT_NAME = "$(TARGET_NAME)";
				SWIFT_EMIT_LOC_STRINGS = NO;
				SWIFT_VERSION = 5.0;
				TARGETED_DEVICE_FAMILY = "1,2";
				TEST_HOST = "$(BUILT_PRODUCTS_DIR)/Toast_playground.app/$(BUNDLE_EXECUTABLE_FOLDER_PATH)/Toast_playground";
			};
			name = Debug;
		};
		8ECCFAD52BB0592000C39125 /* Release */ = {
			isa = XCBuildConfiguration;
			buildSettings = {
				ALWAYS_EMBED_SWIFT_STANDARD_LIBRARIES = YES;
				BUNDLE_LOADER = "$(TEST_HOST)";
				CODE_SIGN_STYLE = Automatic;
				CURRENT_PROJECT_VERSION = 1;
				DEVELOPMENT_TEAM = 9GGZWXBXQ6;
				GENERATE_INFOPLIST_FILE = YES;
				IPHONEOS_DEPLOYMENT_TARGET = 17.4;
				MARKETING_VERSION = 1.0;
				PRODUCT_BUNDLE_IDENTIFIER = "YangCustom.Toast-playgroundTests";
				PRODUCT_NAME = "$(TARGET_NAME)";
				SWIFT_EMIT_LOC_STRINGS = NO;
				SWIFT_VERSION = 5.0;
				TARGETED_DEVICE_FAMILY = "1,2";
				TEST_HOST = "$(BUILT_PRODUCTS_DIR)/Toast_playground.app/$(BUNDLE_EXECUTABLE_FOLDER_PATH)/Toast_playground";
			};
			name = Release;
		};
		8ECCFAD72BB0592000C39125 /* Debug */ = {
			isa = XCBuildConfiguration;
			buildSettings = {
				ALWAYS_EMBED_SWIFT_STANDARD_LIBRARIES = YES;
				CODE_SIGN_STYLE = Automatic;
				CURRENT_PROJECT_VERSION = 1;
				DEVELOPMENT_TEAM = 9GGZWXBXQ6;
				GENERATE_INFOPLIST_FILE = YES;
				MARKETING_VERSION = 1.0;
				PRODUCT_BUNDLE_IDENTIFIER = "YangCustom.Toast-playgroundUITests";
				PRODUCT_NAME = "$(TARGET_NAME)";
				SWIFT_EMIT_LOC_STRINGS = NO;
				SWIFT_VERSION = 5.0;
				TARGETED_DEVICE_FAMILY = "1,2";
				TEST_TARGET_NAME = Toast_playground;
			};
			name = Debug;
		};
		8ECCFAD82BB0592000C39125 /* Release */ = {
			isa = XCBuildConfiguration;
			buildSettings = {
				ALWAYS_EMBED_SWIFT_STANDARD_LIBRARIES = YES;
				CODE_SIGN_STYLE = Automatic;
				CURRENT_PROJECT_VERSION = 1;
				DEVELOPMENT_TEAM = 9GGZWXBXQ6;
				GENERATE_INFOPLIST_FILE = YES;
				MARKETING_VERSION = 1.0;
				PRODUCT_BUNDLE_IDENTIFIER = "YangCustom.Toast-playgroundUITests";
				PRODUCT_NAME = "$(TARGET_NAME)";
				SWIFT_EMIT_LOC_STRINGS = NO;
				SWIFT_VERSION = 5.0;
				TARGETED_DEVICE_FAMILY = "1,2";
				TEST_TARGET_NAME = Toast_playground;
			};
			name = Release;
		};
/* End XCBuildConfiguration section */

/* Begin XCConfigurationList section */
		8ECCFAA72BB0591C00C39125 /* Build configuration list for PBXProject "Toast_playground" */ = {
			isa = XCConfigurationList;
			buildConfigurations = (
				8ECCFACE2BB0592000C39125 /* Debug */,
				8ECCFACF2BB0592000C39125 /* Release */,
			);
			defaultConfigurationIsVisible = 0;
			defaultConfigurationName = Release;
		};
		8ECCFAD02BB0592000C39125 /* Build configuration list for PBXNativeTarget "Toast_playground" */ = {
			isa = XCConfigurationList;
			buildConfigurations = (
				8ECCFAD12BB0592000C39125 /* Debug */,
				8ECCFAD22BB0592000C39125 /* Release */,
			);
			defaultConfigurationIsVisible = 0;
			defaultConfigurationName = Release;
		};
		8ECCFAD32BB0592000C39125 /* Build configuration list for PBXNativeTarget "Toast_playgroundTests" */ = {
			isa = XCConfigurationList;
			buildConfigurations = (
				8ECCFAD42BB0592000C39125 /* Debug */,
				8ECCFAD52BB0592000C39125 /* Release */,
			);
			defaultConfigurationIsVisible = 0;
			defaultConfigurationName = Release;
		};
		8ECCFAD62BB0592000C39125 /* Build configuration list for PBXNativeTarget "Toast_playgroundUITests" */ = {
			isa = XCConfigurationList;
			buildConfigurations = (
				8ECCFAD72BB0592000C39125 /* Debug */,
				8ECCFAD82BB0592000C39125 /* Release */,
			);
			defaultConfigurationIsVisible = 0;
			defaultConfigurationName = Release;
		};
/* End XCConfigurationList section */
	};
	rootObject = 8ECCFAA42BB0591C00C39125 /* Project object */;
}
